
Microsoft Visual Studio Solution File, Format Version 12.00
# Visual Studio 15
VisualStudioVersion = 15.0.26730.15
MinimumVisualStudioVersion = 10.0.40219.1
Project("{FAE04EC0-301F-11D3-BF4B-00C04F79EFBC}") = "WcfStudentConumer", "WcfStudentConumer\WcfStudentConumer.csproj", "{8C41AA91-8E14-4082-940A-103EF9709F2B}"
EndProject
Global
	GlobalSection(SolutionConfigurationPlatforms) = preSolution
		Debug|Any CPU = Debug|Any CPU
		Release|Any CPU = Release|Any CPU
	EndGlobalSection
	GlobalSection(ProjectConfigurationPlatforms) = postSolution
		{8C41AA91-8E14-4082-940A-103EF9709F2B}.Debug|Any CPU.ActiveCfg = Debug|Any CPU
		{8C41AA91-8E14-4082-940A-103EF9709F2B}.Debug|Any CPU.Build.0 = Debug|Any CPU
		{8C41AA91-8E14-4082-940A-103EF9709F2B}.Release|Any CPU.ActiveCfg = Release|Any CPU
		{8C41AA91-8E14-4082-940A-103EF9709F2B}.Release|Any CPU.Build.0 = Release|Any CPU
	EndGlobalSection
	GlobalSection(SolutionProperties) = preSolution
		HideSolutionNode = FALSE
	EndGlobalSection
	GlobalSection(ExtensibilityGlobals) = postSolution
		SolutionGuid = {FD125D11-6B93-45AF-AAF6-27CA55A3790A}
	EndGlobalSection
EndGlobal
